
Microsoft Visual Studio Solution File, Format Version 12.00
# Visual Studio Version 17
VisualStudioVersion = 17.3.32825.248
MinimumVisualStudioVersion = 10.0.40219.1
Project("{FAE04EC0-301F-11D3-BF4B-00C04F79EFBC}") = "DatabaseManagementSystem.BL", "DatabaseManagementSystem.BL\DatabaseManagementSystem.BL.csproj", "{BAAC6F3C-DF83-434C-B05B-0A21F5968381}"
EndProject
Global
	GlobalSection(SolutionConfigurationPlatforms) = preSolution
		Debug|Any CPU = Debug|Any CPU
		Release|Any CPU = Release|Any CPU
	EndGlobalSection
	GlobalSection(ProjectConfigurationPlatforms) = postSolution
		{BAAC6F3C-DF83-434C-B05B-0A21F5968381}.Debug|Any CPU.ActiveCfg = Debug|Any CPU
		{BAAC6F3C-DF83-434C-B05B-0A21F5968381}.Debug|Any CPU.Build.0 = Debug|Any CPU
		{BAAC6F3C-DF83-434C-B05B-0A21F5968381}.Release|Any CPU.ActiveCfg = Release|Any CPU
		{BAAC6F3C-DF83-434C-B05B-0A21F5968381}.Release|Any CPU.Build.0 = Release|Any CPU
	EndGlobalSection
	GlobalSection(SolutionProperties) = preSolution
		HideSolutionNode = FALSE
	EndGlobalSection
	GlobalSection(ExtensibilityGlobals) = postSolution
		SolutionGuid = {F1F7D0E9-DF7A-4B05-8720-28262ECB266D}
	EndGlobalSection
EndGlobal
